
Microsoft Visual Studio Solution File, Format Version 12.00
# Visual Studio Version 17
VisualStudioVersion = 17.10.34928.147
MinimumVisualStudioVersion = 10.0.40219.1
Project("{FAE04EC0-301F-11D3-BF4B-00C04F79EFBC}") = "FormulaOneTech", "FormulaOneTech\FormulaOneTech.csproj", "{538A0CB4-AA05-4BB1-AC8A-9E64B0226BD7}"
EndProject
Global
	GlobalSection(SolutionConfigurationPlatforms) = preSolution
		Debug|Any CPU = Debug|Any CPU
		Release|Any CPU = Release|Any CPU
	EndGlobalSection
	GlobalSection(ProjectConfigurationPlatforms) = postSolution
		{538A0CB4-AA05-4BB1-AC8A-9E64B0226BD7}.Debug|Any CPU.ActiveCfg = Debug|Any CPU
		{538A0CB4-AA05-4BB1-AC8A-9E64B0226BD7}.Debug|Any CPU.Build.0 = Debug|Any CPU
		{538A0CB4-AA05-4BB1-AC8A-9E64B0226BD7}.Release|Any CPU.ActiveCfg = Release|Any CPU
		{538A0CB4-AA05-4BB1-AC8A-9E64B0226BD7}.Release|Any CPU.Build.0 = Release|Any CPU
	EndGlobalSection
	GlobalSection(SolutionProperties) = preSolution
		HideSolutionNode = FALSE
	EndGlobalSection
	GlobalSection(ExtensibilityGlobals) = postSolution
		SolutionGuid = {55EE444E-7A9A-4C4F-AD89-3E3154B47B87}
	EndGlobalSection
EndGlobal
